
Microsoft Visual Studio Solution File, Format Version 12.00
# Visual Studio Version 16
VisualStudioVersion = 16.0.32002.261
MinimumVisualStudioVersion = 10.0.40219.1
Project("{FAE04EC0-301F-11D3-BF4B-00C04F79EFBC}") = "LINQExamples", "LINQExamples\LINQExamples.csproj", "{461D6358-E060-4889-81B0-EF1F447DA0A4}"
EndProject
Global
	GlobalSection(SolutionConfigurationPlatforms) = preSolution
		Debug|Any CPU = Debug|Any CPU
		Release|Any CPU = Release|Any CPU
	EndGlobalSection
	GlobalSection(ProjectConfigurationPlatforms) = postSolution
		{461D6358-E060-4889-81B0-EF1F447DA0A4}.Debug|Any CPU.ActiveCfg = Debug|Any CPU
		{461D6358-E060-4889-81B0-EF1F447DA0A4}.Debug|Any CPU.Build.0 = Debug|Any CPU
		{461D6358-E060-4889-81B0-EF1F447DA0A4}.Release|Any CPU.ActiveCfg = Release|Any CPU
		{461D6358-E060-4889-81B0-EF1F447DA0A4}.Release|Any CPU.Build.0 = Release|Any CPU
	EndGlobalSection
	GlobalSection(SolutionProperties) = preSolution
		HideSolutionNode = FALSE
	EndGlobalSection
	GlobalSection(ExtensibilityGlobals) = postSolution
		SolutionGuid = {BBFB6F4D-E8D0-41C1-9A96-9CAAAC544B66}
	EndGlobalSection
EndGlobal
